
Microsoft Visual Studio Solution File, Format Version 12.00
# Visual Studio Version 17
VisualStudioVersion = 17.9.34728.123
MinimumVisualStudioVersion = 10.0.40219.1
Project("{2150E333-8FDC-42A3-9474-1A3956D46DE8}") = "Source", "Source", "{8A554172-3669-43AB-A574-7C82B5EFEF04}"
EndProject
Project("{2150E333-8FDC-42A3-9474-1A3956D46DE8}") = "Tests", "Tests", "{7E03BDC4-16CC-4A94-B250-DA66844FC464}"
EndProject
Project("{9A19103F-16F7-4668-BE54-9A1E7A4F7556}") = "Domain", "src\Domain\Domain.csproj", "{11AFE469-CE63-4056-9845-0EE6EC58D4EC}"
EndProject
Project("{9A19103F-16F7-4668-BE54-9A1E7A4F7556}") = "Api", "src\Api\Api.csproj", "{B0AADB4A-2666-4FA2-A0C7-AEAEDA0BC985}"
EndProject
Project("{9A19103F-16F7-4668-BE54-9A1E7A4F7556}") = "UseCases", "src\Application\UseCases.csproj", "{E85AAA2B-CF39-444F-851D-B78BB80E16EA}"
EndProject
Project("{9A19103F-16F7-4668-BE54-9A1E7A4F7556}") = "Infra", "src\Infra\Infra.csproj", "{B160D02D-1662-4EC8-B777-95A80FB91D1B}"
EndProject
Project("{9A19103F-16F7-4668-BE54-9A1E7A4F7556}") = "Domain.Tests", "tests\Domain.Tests\Domain.Tests.csproj", "{66B588D1-2BC9-4695-87C7-5A3FA18C8427}"
EndProject
Project("{2150E333-8FDC-42A3-9474-1A3956D46DE8}") = "BuildingBlocks", "BuildingBlocks", "{E3EB5925-B376-4DE3-95EE-C133F62D64EE}"
EndProject
Project("{9A19103F-16F7-4668-BE54-9A1E7A4F7556}") = "Cora.Infra", "src\BuildingBlocks\Cora.Infra\Cora.Infra.csproj", "{D97C1990-C65A-471C-9D3E-814C4700751B}"
EndProject
Project("{9A19103F-16F7-4668-BE54-9A1E7A4F7556}") = "Core.Domain", "src\BuildingBlocks\Core.Domain\Core.Domain.csproj", "{06822C33-BDCB-469B-AECC-A7966F628A62}"
EndProject
Project("{9A19103F-16F7-4668-BE54-9A1E7A4F7556}") = "Core.WebApi", "src\BuildingBlocks\Core.WebApi\Core.WebApi.csproj", "{95AF2218-2A2B-41D4-92D8-E04D860C9868}"
EndProject
Project("{9A19103F-16F7-4668-BE54-9A1E7A4F7556}") = "Controllers", "src\Controllers\Controllers.csproj", "{7642D027-351B-4653-9547-D97188DE2412}"
EndProject
Project("{2150E333-8FDC-42A3-9474-1A3956D46DE8}") = "Adpters", "Adpters", "{68E6564D-A454-42FE-A2F6-1F4A74D7A247}"
EndProject
Project("{2150E333-8FDC-42A3-9474-1A3956D46DE8}") = "Core", "Core", "{1CF9B8B6-635E-45F1-BBA8-DB7B6E2C6B94}"
EndProject
Project("{2150E333-8FDC-42A3-9474-1A3956D46DE8}") = "External", "External", "{C59425C5-F79F-448C-AC74-1B7582A94DE2}"
EndProject
Project("{9A19103F-16F7-4668-BE54-9A1E7A4F7556}") = "SmokeTests", "tests\SmokeTests\SmokeTests.csproj", "{66381641-3C8C-43FC-8892-ABC5ED31C27A}"
EndProject
Project("{9A19103F-16F7-4668-BE54-9A1E7A4F7556}") = "Gateways.Tests", "tests\Gateways.Tests\Gateways.Tests.csproj", "{B683B93A-8D8D-46EA-B954-9F52F9F39EBD}"
EndProject
Project("{9A19103F-16F7-4668-BE54-9A1E7A4F7556}") = "Infra.Tests", "tests\Infra.Tests\Infra.Tests.csproj", "{8BB8572F-8162-44CC-A784-ACB01FB44E9C}"
EndProject
Project("{9A19103F-16F7-4668-BE54-9A1E7A4F7556}") = "Gateways", "src\Gateways\Gateways.csproj", "{C86472A9-AECD-404D-B78F-F42DBF4F6C66}"
EndProject
Global
	GlobalSection(SolutionConfigurationPlatforms) = preSolution
		Debug|Any CPU = Debug|Any CPU
		Release|Any CPU = Release|Any CPU
	EndGlobalSection
	GlobalSection(ProjectConfigurationPlatforms) = postSolution
		{11AFE469-CE63-4056-9845-0EE6EC58D4EC}.Debug|Any CPU.ActiveCfg = Debug|Any CPU
		{11AFE469-CE63-4056-9845-0EE6EC58D4EC}.Debug|Any CPU.Build.0 = Debug|Any CPU
		{11AFE469-CE63-4056-9845-0EE6EC58D4EC}.Release|Any CPU.ActiveCfg = Release|Any CPU
		{11AFE469-CE63-4056-9845-0EE6EC58D4EC}.Release|Any CPU.Build.0 = Release|Any CPU
		{B0AADB4A-2666-4FA2-A0C7-AEAEDA0BC985}.Debug|Any CPU.ActiveCfg = Debug|Any CPU
		{B0AADB4A-2666-4FA2-A0C7-AEAEDA0BC985}.Debug|Any CPU.Build.0 = Debug|Any CPU
		{B0AADB4A-2666-4FA2-A0C7-AEAEDA0BC985}.Release|Any CPU.ActiveCfg = Release|Any CPU
		{B0AADB4A-2666-4FA2-A0C7-AEAEDA0BC985}.Release|Any CPU.Build.0 = Release|Any CPU
		{E85AAA2B-CF39-444F-851D-B78BB80E16EA}.Debug|Any CPU.ActiveCfg = Debug|Any CPU
		{E85AAA2B-CF39-444F-851D-B78BB80E16EA}.Debug|Any CPU.Build.0 = Debug|Any CPU
		{E85AAA2B-CF39-444F-851D-B78BB80E16EA}.Release|Any CPU.ActiveCfg = Release|Any CPU
		{E85AAA2B-CF39-444F-851D-B78BB80E16EA}.Release|Any CPU.Build.0 = Release|Any CPU
		{B160D02D-1662-4EC8-B777-95A80FB91D1B}.Debug|Any CPU.ActiveCfg = Debug|Any CPU
		{B160D02D-1662-4EC8-B777-95A80FB91D1B}.Debug|Any CPU.Build.0 = Debug|Any CPU
		{B160D02D-1662-4EC8-B777-95A80FB91D1B}.Release|Any CPU.ActiveCfg = Release|Any CPU
		{B160D02D-1662-4EC8-B777-95A80FB91D1B}.Release|Any CPU.Build.0 = Release|Any CPU
		{66B588D1-2BC9-4695-87C7-5A3FA18C8427}.Debug|Any CPU.ActiveCfg = Debug|Any CPU
		{66B588D1-2BC9-4695-87C7-5A3FA18C8427}.Debug|Any CPU.Build.0 = Debug|Any CPU
		{66B588D1-2BC9-4695-87C7-5A3FA18C8427}.Release|Any CPU.ActiveCfg = Release|Any CPU
		{66B588D1-2BC9-4695-87C7-5A3FA18C8427}.Release|Any CPU.Build.0 = Release|Any CPU
		{D97C1990-C65A-471C-9D3E-814C4700751B}.Debug|Any CPU.ActiveCfg = Debug|Any CPU
		{D97C1990-C65A-471C-9D3E-814C4700751B}.Debug|Any CPU.Build.0 = Debug|Any CPU
		{D97C1990-C65A-471C-9D3E-814C4700751B}.Release|Any CPU.ActiveCfg = Release|Any CPU
		{D97C1990-C65A-471C-9D3E-814C4700751B}.Release|Any CPU.Build.0 = Release|Any CPU
		{06822C33-BDCB-469B-AECC-A7966F628A62}.Debug|Any CPU.ActiveCfg = Debug|Any CPU
		{06822C33-BDCB-469B-AECC-A7966F628A62}.Debug|Any CPU.Build.0 = Debug|Any CPU
		{06822C33-BDCB-469B-AECC-A7966F628A62}.Release|Any CPU.ActiveCfg = Release|Any CPU
		{06822C33-BDCB-469B-AECC-A7966F628A62}.Release|Any CPU.Build.0 = Release|Any CPU
		{95AF2218-2A2B-41D4-92D8-E04D860C9868}.Debug|Any CPU.ActiveCfg = Debug|Any CPU
		{95AF2218-2A2B-41D4-92D8-E04D860C9868}.Debug|Any CPU.Build.0 = Debug|Any CPU
		{95AF2218-2A2B-41D4-92D8-E04D860C9868}.Release|Any CPU.ActiveCfg = Release|Any CPU
		{95AF2218-2A2B-41D4-92D8-E04D860C9868}.Release|Any CPU.Build.0 = Release|Any CPU
		{7642D027-351B-4653-9547-D97188DE2412}.Debug|Any CPU.ActiveCfg = Debug|Any CPU
		{7642D027-351B-4653-9547-D97188DE2412}.Debug|Any CPU.Build.0 = Debug|Any CPU
		{7642D027-351B-4653-9547-D97188DE2412}.Release|Any CPU.ActiveCfg = Release|Any CPU
		{7642D027-351B-4653-9547-D97188DE2412}.Release|Any CPU.Build.0 = Release|Any CPU
		{66381641-3C8C-43FC-8892-ABC5ED31C27A}.Debug|Any CPU.ActiveCfg = Debug|Any CPU
		{66381641-3C8C-43FC-8892-ABC5ED31C27A}.Debug|Any CPU.Build.0 = Debug|Any CPU
		{66381641-3C8C-43FC-8892-ABC5ED31C27A}.Release|Any CPU.ActiveCfg = Release|Any CPU
		{66381641-3C8C-43FC-8892-ABC5ED31C27A}.Release|Any CPU.Build.0 = Release|Any CPU
		{B683B93A-8D8D-46EA-B954-9F52F9F39EBD}.Debug|Any CPU.ActiveCfg = Debug|Any CPU
		{B683B93A-8D8D-46EA-B954-9F52F9F39EBD}.Debug|Any CPU.Build.0 = Debug|Any CPU
		{B683B93A-8D8D-46EA-B954-9F52F9F39EBD}.Release|Any CPU.ActiveCfg = Release|Any CPU
		{B683B93A-8D8D-46EA-B954-9F52F9F39EBD}.Release|Any CPU.Build.0 = Release|Any CPU
		{8BB8572F-8162-44CC-A784-ACB01FB44E9C}.Debug|Any CPU.ActiveCfg = Debug|Any CPU
		{8BB8572F-8162-44CC-A784-ACB01FB44E9C}.Debug|Any CPU.Build.0 = Debug|Any CPU
		{8BB8572F-8162-44CC-A784-ACB01FB44E9C}.Release|Any CPU.ActiveCfg = Release|Any CPU
		{8BB8572F-8162-44CC-A784-ACB01FB44E9C}.Release|Any CPU.Build.0 = Release|Any CPU
		{C86472A9-AECD-404D-B78F-F42DBF4F6C66}.Debug|Any CPU.ActiveCfg = Debug|Any CPU
		{C86472A9-AECD-404D-B78F-F42DBF4F6C66}.Debug|Any CPU.Build.0 = Debug|Any CPU
		{C86472A9-AECD-404D-B78F-F42DBF4F6C66}.Release|Any CPU.ActiveCfg = Release|Any CPU
		{C86472A9-AECD-404D-B78F-F42DBF4F6C66}.Release|Any CPU.Build.0 = Release|Any CPU
	EndGlobalSection
	GlobalSection(SolutionProperties) = preSolution
		HideSolutionNode = FALSE
	EndGlobalSection
	GlobalSection(NestedProjects) = preSolution
		{11AFE469-CE63-4056-9845-0EE6EC58D4EC} = {1CF9B8B6-635E-45F1-BBA8-DB7B6E2C6B94}
		{B0AADB4A-2666-4FA2-A0C7-AEAEDA0BC985} = {C59425C5-F79F-448C-AC74-1B7582A94DE2}
		{E85AAA2B-CF39-444F-851D-B78BB80E16EA} = {1CF9B8B6-635E-45F1-BBA8-DB7B6E2C6B94}
		{B160D02D-1662-4EC8-B777-95A80FB91D1B} = {C59425C5-F79F-448C-AC74-1B7582A94DE2}
		{66B588D1-2BC9-4695-87C7-5A3FA18C8427} = {7E03BDC4-16CC-4A94-B250-DA66844FC464}
		{D97C1990-C65A-471C-9D3E-814C4700751B} = {E3EB5925-B376-4DE3-95EE-C133F62D64EE}
		{06822C33-BDCB-469B-AECC-A7966F628A62} = {E3EB5925-B376-4DE3-95EE-C133F62D64EE}
		{95AF2218-2A2B-41D4-92D8-E04D860C9868} = {E3EB5925-B376-4DE3-95EE-C133F62D64EE}
		{7642D027-351B-4653-9547-D97188DE2412} = {68E6564D-A454-42FE-A2F6-1F4A74D7A247}
		{68E6564D-A454-42FE-A2F6-1F4A74D7A247} = {8A554172-3669-43AB-A574-7C82B5EFEF04}
		{1CF9B8B6-635E-45F1-BBA8-DB7B6E2C6B94} = {8A554172-3669-43AB-A574-7C82B5EFEF04}
		{C59425C5-F79F-448C-AC74-1B7582A94DE2} = {8A554172-3669-43AB-A574-7C82B5EFEF04}
		{66381641-3C8C-43FC-8892-ABC5ED31C27A} = {7E03BDC4-16CC-4A94-B250-DA66844FC464}
		{B683B93A-8D8D-46EA-B954-9F52F9F39EBD} = {7E03BDC4-16CC-4A94-B250-DA66844FC464}
		{8BB8572F-8162-44CC-A784-ACB01FB44E9C} = {7E03BDC4-16CC-4A94-B250-DA66844FC464}
		{C86472A9-AECD-404D-B78F-F42DBF4F6C66} = {68E6564D-A454-42FE-A2F6-1F4A74D7A247}
	EndGlobalSection
	GlobalSection(ExtensibilityGlobals) = postSolution
		SolutionGuid = {C4BF2850-C133-4E13-BCCB-00593A37326B}
	EndGlobalSection
EndGlobal
